// !$*UTF8*$!
{
	archiveVersion = 1;
	classes = {
	};
	objectVersion = 50;
	objects = {

/* Begin PBXBuildFile section */
		85D788832529A4B1007F2AA2 /* AppDelegate.swift in Sources */ = {isa = PBXBuildFile; fileRef = 85D788822529A4B1007F2AA2 /* AppDelegate.swift */; };
		85D788852529A4B1007F2AA2 /* SceneDelegate.swift in Sources */ = {isa = PBXBuildFile; fileRef = 85D788842529A4B1007F2AA2 /* SceneDelegate.swift */; };
		85D788872529A4B1007F2AA2 /* ViewController.swift in Sources */ = {isa = PBXBuildFile; fileRef = 85D788862529A4B1007F2AA2 /* ViewController.swift */; };
		85D7888A2529A4B1007F2AA2 /* Main.storyboard in Resources */ = {isa = PBXBuildFile; fileRef = 85D788882529A4B1007F2AA2 /* Main.storyboard */; };
		85D7888C2529A4B4007F2AA2 /* Assets.xcassets in Resources */ = {isa = PBXBuildFile; fileRef = 85D7888B2529A4B4007F2AA2 /* Assets.xcassets */; };
		85D7888F2529A4B4007F2AA2 /* LaunchScreen.storyboard in Resources */ = {isa = PBXBuildFile; fileRef = 85D7888D2529A4B4007F2AA2 /* LaunchScreen.storyboard */; };
/* End PBXBuildFile section */

/* Begin PBXFileReference section */
		85D7887F2529A4B1007F2AA2 /* Assignment4_json.app */ = {isa = PBXFileReference; explicitFileType = wrapper.application; includeInIndex = 0; path = Assignment4_json.app; sourceTree = BUILT_PRODUCTS_DIR; };
		85D788822529A4B1007F2AA2 /* AppDelegate.swift */ = {isa = PBXFileReference; lastKnownFileType = sourcecode.swift; path = AppDelegate.swift; sourceTree = "<group>"; };
		85D788842529A4B1007F2AA2 /* SceneDelegate.swift */ = {isa = PBXFileReference; lastKnownFileType = sourcecode.swift; path = SceneDelegate.swift; sourceTree = "<group>"; };
		85D788862529A4B1007F2AA2 /* ViewController.swift */ = {isa = PBXFileReference; lastKnownFileType = sourcecode.swift; path = ViewController.swift; sourceTree = "<group>"; };
		85D788892529A4B1007F2AA2 /* Base */ = {isa = PBXFileReference; lastKnownFileType = file.storyboard; name = Base; path = Base.lproj/Main.storyboard; sourceTree = "<group>"; };
		85D7888B2529A4B4007F2AA2 /* Assets.xcassets */ = {isa = PBXFileReference; lastKnownFileType = folder.assetcatalog; path = Assets.xcassets; sourceTree = "<group>"; };
		85D7888E2529A4B4007F2AA2 /* Base */ = {isa = PBXFileReference; lastKnownFileType = file.storyboard; name = Base; path = Base.lproj/LaunchScreen.storyboard; sourceTree = "<group>"; };
		85D788902529A4B4007F2AA2 /* Info.plist */ = {isa = PBXFileReference; lastKnownFileType = text.plist.xml; path = Info.plist; sourceTree = "<group>"; };
/* End PBXFileReference section */

/* Begin PBXFrameworksBuildPhase section */
		85D7887C2529A4B1007F2AA2 /* Frameworks */ = {
			isa = PBXFrameworksBuildPhase;
			buildActionMask = 2147483647;
			files = (
			);
			runOnlyForDeploymentPostprocessing = 0;
		};
/* End PBXFrameworksBuildPhase section */

/* Begin PBXGroup section */
		85D788762529A4B1007F2AA2 = {
			isa = PBXGroup;
			children = (
				85D788812529A4B1007F2AA2 /* Assignment4_json */,
				85D788802529A4B1007F2AA2 /* Products */,
			);
			sourceTree = "<group>";
		};
		85D788802529A4B1007F2AA2 /* Products */ = {
			isa = PBXGroup;
			children = (
				85D7887F2529A4B1007F2AA2 /* Assignment4_json.app */,
			);
			name = Products;
			sourceTree = "<group>";
		};
		85D788812529A4B1007F2AA2 /* Assignment4_json */ = {
			isa = PBXGroup;
			children = (
				85D788822529A4B1007F2AA2 /* AppDelegate.swift */,
				85D788842529A4B1007F2AA2 /* SceneDelegate.swift */,
				85D788862529A4B1007F2AA2 /* ViewController.swift */,
				85D788882529A4B1007F2AA2 /* Main.storyboard */,
				85D7888B2529A4B4007F2AA2 /* Assets.xcassets */,
				85D7888D2529A4B4007F2AA2 /* LaunchScreen.storyboard */,
				85D788902529A4B4007F2AA2 /* Info.plist */,
			);
			path = Assignment4_json;
			sourceTree = "<group>";
		};
/* End PBXGroup section */

/* Begin PBXNativeTarget section */
		85D7887E2529A4B1007F2AA2 /* Assignment4_json */ = {
			isa = PBXNativeTarget;
			buildConfigurationList = 85D788932529A4B4007F2AA2 /* Build configuration list for PBXNativeTarget "Assignment4_json" */;
			buildPhases = (
				85D7887B2529A4B1007F2AA2 /* Sources */,
				85D7887C2529A4B1007F2AA2 /* Frameworks */,
				85D7887D2529A4B1007F2AA2 /* Resources */,
			);
			buildRules = (
			);
			dependencies = (
			);
			name = Assignment4_json;
			productName = Assignment4_json;
			productReference = 85D7887F2529A4B1007F2AA2 /* Assignment4_json.app */;
			productType = "com.apple.product-type.application";
		};
/* End PBXNativeTarget section */

/* Begin PBXProject section */
		85D788772529A4B1007F2AA2 /* Project object */ = {
			isa = PBXProject;
			attributes = {
				LastSwiftUpdateCheck = 1140;
				LastUpgradeCheck = 1140;
				ORGANIZATIONNAME = "H.W. Hsiao";
				TargetAttributes = {
					85D7887E2529A4B1007F2AA2 = {
						CreatedOnToolsVersion = 11.4.1;
					};
				};
			};
			buildConfigurationList = 85D7887A2529A4B1007F2AA2 /* Build configuration list for PBXProject "Assignment4_json" */;
			compatibilityVersion = "Xcode 9.3";
			developmentRegion = en;
			hasScannedForEncodings = 0;
			knownRegions = (
				en,
				Base,
			);
			mainGroup = 85D788762529A4B1007F2AA2;
			productRefGroup = 85D788802529A4B1007F2AA2 /* Products */;
			projectDirPath = "";
			projectRoot = "";
			targets = (
				85D7887E2529A4B1007F2AA2 /* Assignment4_json */,
			);
		};
/* End PBXProject section */

/* Begin PBXResourcesBuildPhase section */
		85D7887D2529A4B1007F2AA2 /* Resources */ = {
			isa = PBXResourcesBuildPhase;
			buildActionMask = 2147483647;
			files = (
				85D7888F2529A4B4007F2AA2 /* LaunchScreen.storyboard in Resources */,
				85D7888C2529A4B4007F2AA2 /* Assets.xcassets in Resources */,
				85D7888A2529A4B1007F2AA2 /* Main.storyboard in Resources */,
			);
			runOnlyForDeploymentPostprocessing = 0;
		};
/* End PBXResourcesBuildPhase section */

/* Begin PBXSourcesBuildPhase section */
		85D7887B2529A4B1007F2AA2 /* Sources */ = {
			isa = PBXSourcesBuildPhase;
			buildActionMask = 2147483647;
			files = (
				85D788872529A4B1007F2AA2 /* ViewController.swift in Sources */,
				85D788832529A4B1007F2AA2 /* AppDelegate.swift in Sources */,
				85D788852529A4B1007F2AA2 /* SceneDelegate.swift in Sources */,
			);
			runOnlyForDeploymentPostprocessing = 0;
		};
/* End PBXSourcesBuildPhase section */

/* Begin PBXVariantGroup section */
		85D788882529A4B1007F2AA2 /* Main.storyboard */ = {
			isa = PBXVariantGroup;
			children = (
				85D788892529A4B1007F2AA2 /* Base */,
			);
			name = Main.storyboard;
			sourceTree = "<group>";
		};
		85D7888D2529A4B4007F2AA2 /* LaunchScreen.storyboard */ = {
			isa = PBXVariantGroup;
			children = (
				85D7888E2529A4B4007F2AA2 /* Base */,
			);
			name = LaunchScreen.storyboard;
			sourceTree = "<group>";
		};
/* End PBXVariantGroup section */

/* Begin XCBuildConfiguration section */
		85D788912529A4B4007F2AA2 /* Debug */ = {
			isa = XCBuildConfiguration;
			buildSettings = {
				ALWAYS_SEARCH_USER_PATHS = NO;
				CLANG_ANALYZER_NONNULL = YES;
				CLANG_ANALYZER_NUMBER_OBJECT_CONVERSION = YES_AGGRESSIVE;
				CLANG_CXX_LANGUAGE_STANDARD = "gnu++14";
				CLANG_CXX_LIBRARY = "libc++";
				CLANG_ENABLE_MODULES = YES;
				CLANG_ENABLE_OBJC_ARC = YES;
				CLANG_ENABLE_OBJC_WEAK = YES;
				CLANG_WARN_BLOCK_CAPTURE_AUTORELEASING = YES;
				CLANG_WARN_BOOL_CONVERSION = YES;
				CLANG_WARN_COMMA = YES;
				CLANG_WARN_CONSTANT_CONVERSION = YES;
				CLANG_WARN_DEPRECATED_OBJC_IMPLEMENTATIONS = YES;
				CLANG_WARN_DIRECT_OBJC_ISA_USAGE = YES_ERROR;
				CLANG_WARN_DOCUMENTATION_COMMENTS = YES;
				CLANG_WARN_EMPTY_BODY = YES;
				CLANG_WARN_ENUM_CONVERSION = YES;
				CLANG_WARN_INFINITE_RECURSION = YES;
				CLANG_WARN_INT_CONVERSION = YES;
				CLANG_WARN_NON_LITERAL_NULL_CONVERSION = YES;
				CLANG_WARN_OBJC_IMPLICIT_RETAIN_SELF = YES;
				CLANG_WARN_OBJC_LITERAL_CONVERSION = YES;
				CLANG_WARN_OBJC_ROOT_CLASS = YES_ERROR;
				CLANG_WARN_RANGE_LOOP_ANALYSIS = YES;
				CLANG_WARN_STRICT_PROTOTYPES = YES;
				CLANG_WARN_SUSPICIOUS_MOVE = YES;
				CLANG_WARN_UNGUARDED_AVAILABILITY = YES_AGGRESSIVE;
				CLANG_WARN_UNREACHABLE_CODE = YES;
				CLANG_WARN__DUPLICATE_METHOD_MATCH = YES;
				COPY_PHASE_STRIP = NO;
				DEBUG_INFORMATION_FORMAT = dwarf;
				ENABLE_STRICT_OBJC_MSGSEND = YES;
				ENABLE_TESTABILITY = YES;
				GCC_C_LANGUAGE_STANDARD = gnu11;
				GCC_DYNAMIC_NO_PIC = NO;
				GCC_NO_COMMON_BLOCKS = YES;
				GCC_OPTIMIZATION_LEVEL = 0;
				GCC_PREPROCESSOR_DEFINITIONS = (
					"DEBUG=1",
					"$(inherited)",
				);
				GCC_WARN_64_TO_32_BIT_CONVERSION = YES;
				GCC_WARN_ABOUT_RETURN_TYPE = YES_ERROR;
				GCC_WARN_UNDECLARED_SELECTOR = YES;
				GCC_WARN_UNINITIALIZED_AUTOS = YES_AGGRESSIVE;
				GCC_WARN_UNUSED_FUNCTION = YES;
				GCC_WARN_UNUSED_VARIABLE = YES;
				IPHONEOS_DEPLOYMENT_TARGET = 13.4;
				MTL_ENABLE_DEBUG_INFO = INCLUDE_SOURCE;
				MTL_FAST_MATH = YES;
				ONLY_ACTIVE_ARCH = YES;
				SDKROOT = iphoneos;
				SWIFT_ACTIVE_COMPILATION_CONDITIONS = DEBUG;
				SWIFT_OPTIMIZATION_LEVEL = "-Onone";
			};
			name = Debug;
		};
		85D788922529A4B4007F2AA2 /* Release */ = {
			isa = XCBuildConfiguration;
			buildSettings = {
				ALWAYS_SEARCH_USER_PATHS = NO;
				CLANG_ANALYZER_NONNULL = YES;
				CLANG_ANALYZER_NUMBER_OBJECT_CONVERSION = YES_AGGRESSIVE;
				CLANG_CXX_LANGUAGE_STANDARD = "gnu++14";
				CLANG_CXX_LIBRARY = "libc++";
				CLANG_ENABLE_MODULES = YES;
				CLANG_ENABLE_OBJC_ARC = YES;
				CLANG_ENABLE_OBJC_WEAK = YES;
				CLANG_WARN_BLOCK_CAPTURE_AUTORELEASING = YES;
				CLANG_WARN_BOOL_CONVERSION = YES;
				CLANG_WARN_COMMA = YES;
				CLANG_WARN_CONSTANT_CONVERSION = YES;
				CLANG_WARN_DEPRECATED_OBJC_IMPLEMENTATIONS = YES;
				CLANG_WARN_DIRECT_OBJC_ISA_USAGE = YES_ERROR;
				CLANG_WARN_DOCUMENTATION_COMMENTS = YES;
				CLANG_WARN_EMPTY_BODY = YES;
				CLANG_WARN_ENUM_CONVERSION = YES;
				CLANG_WARN_INFINITE_RECURSION = YES;
				CLANG_WARN_INT_CONVERSION = YES;
				CLANG_WARN_NON_LITERAL_NULL_CONVERSION = YES;
				CLANG_WARN_OBJC_IMPLICIT_RETAIN_SELF = YES;
				CLANG_WARN_OBJC_LITERAL_CONVERSION = YES;
				CLANG_WARN_OBJC_ROOT_CLASS = YES_ERROR;
				CLANG_WARN_RANGE_LOOP_ANALYSIS = YES;
				CLANG_WARN_STRICT_PROTOTYPES = YES;
				CLANG_WARN_SUSPICIOUS_MOVE = YES;
				CLANG_WARN_UNGUARDED_AVAILABILITY = YES_AGGRESSIVE;
				CLANG_WARN_UNREACHABLE_CODE = YES;
				CLANG_WARN__DUPLICATE_METHOD_MATCH = YES;
				COPY_PHASE_STRIP = NO;
				DEBUG_INFORMATION_FORMAT = "dwarf-with-dsym";
				ENABLE_NS_ASSERTIONS = NO;
				ENABLE_STRICT_OBJC_MSGSEND = YES;
				GCC_C_LANGUAGE_STANDARD = gnu11;
				GCC_NO_COMMON_BLOCKS = YES;
				GCC_WARN_64_TO_32_BIT_CONVERSION = YES;
				GCC_WARN_ABOUT_RETURN_TYPE = YES_ERROR;
				GCC_WARN_UNDECLARED_SELECTOR = YES;
				GCC_WARN_UNINITIALIZED_AUTOS = YES_AGGRESSIVE;
				GCC_WARN_UNUSED_FUNCTION = YES;
				GCC_WARN_UNUSED_VARIABLE = YES;
				IPHONEOS_DEPLOYMENT_TARGET = 13.4;
				MTL_ENABLE_DEBUG_INFO = NO;
				MTL_FAST_MATH = YES;
				SDKROOT = iphoneos;
				SWIFT_COMPILATION_MODE = wholemodule;
				SWIFT_OPTIMIZATION_LEVEL = "-O";
				VALIDATE_PRODUCT = YES;
			};
			name = Release;
		};
		85D788942529A4B4007F2AA2 /* Debug */ = {
			isa = XCBuildConfiguration;
			buildSettings = {
				ASSETCATALOG_COMPILER_APPICON_NAME = AppIcon;
				CODE_SIGN_STYLE = Automatic;
				INFOPLIST_FILE = Assignment4_json/Info.plist;
				LD_RUNPATH_SEARCH_PATHS = (
					"$(inherited)",
					"@executable_path/Frameworks",
				);
				PRODUCT_BUNDLE_IDENTIFIER = "com.HW.Hsiao.Assignment4-json";
				PRODUCT_NAME = "$(TARGET_NAME)";
				SWIFT_VERSION = 5.0;
				TARGETED_DEVICE_FAMILY = "1,2";
			};
			name = Debug;
		};
		85D788952529A4B4007F2AA2 /* Release */ = {
			isa = XCBuildConfiguration;
			buildSettings = {
				ASSETCATALOG_COMPILER_APPICON_NAME = AppIcon;
				CODE_SIGN_STYLE = Automatic;
				INFOPLIST_FILE = Assignment4_json/Info.plist;
				LD_RUNPATH_SEARCH_PATHS = (
					"$(inherited)",
					"@executable_path/Frameworks",
				);
				PRODUCT_BUNDLE_IDENTIFIER = "com.HW.Hsiao.Assignment4-json";
				PRODUCT_NAME = "$(TARGET_NAME)";
				SWIFT_VERSION = 5.0;
				TARGETED_DEVICE_FAMILY = "1,2";
			};
			name = Release;
		};
/* End XCBuildConfiguration section */

/* Begin XCConfigurationList section */
		85D7887A2529A4B1007F2AA2 /* Build configuration list for PBXProject "Assignment4_json" */ = {
			isa = XCConfigurationList;
			buildConfigurations = (
				85D788912529A4B4007F2AA2 /* Debug */,
				85D788922529A4B4007F2AA2 /* Release */,
			);
			defaultConfigurationIsVisible = 0;
			defaultConfigurationName = Release;
		};
		85D788932529A4B4007F2AA2 /* Build configuration list for PBXNativeTarget "Assignment4_json" */ = {
			isa = XCConfigurationList;
			buildConfigurations = (
				85D788942529A4B4007F2AA2 /* Debug */,
				85D788952529A4B4007F2AA2 /* Release */,
			);
			defaultConfigurationIsVisible = 0;
			defaultConfigurationName = Release;
		};
/* End XCConfigurationList section */
	};
	rootObject = 85D788772529A4B1007F2AA2 /* Project object */;
}
